PODS:
  - BMPlayer (0.3.3):
    - BMPlayer/Full (= 0.3.3)
  - BMPlayer/Core (0.3.3)
  - BMPlayer/Full (0.3.3):
    - BMPlayer/Core
    - NVActivityIndicatorView (~> 4.7.0)
    - SnapKit (~> 5.7.1)
  - CombineCocoa (0.4.1)
  - CoreStore (9.2.0)
  - ffmpeg-kit-ios-full (1.1.0)
  - NVActivityIndicatorView (4.7.0):
    - NVActivityIndicatorView/Presenter (= 4.7.0)
  - NVActivityIndicatorView/Presenter (4.7.0)
  - SnapKit (5.7.1)
  - SwifterSwift (7.0.0):
    - SwifterSwift/AppKit (= 7.0.0)
    - SwifterSwift/CoreAnimation (= 7.0.0)
    - SwifterSwift/CoreGraphics (= 7.0.0)
    - SwifterSwift/CoreLocation (= 7.0.0)
    - SwifterSwift/CryptoKit (= 7.0.0)
    - SwifterSwift/Dispatch (= 7.0.0)
    - SwifterSwift/Foundation (= 7.0.0)
    - SwifterSwift/HealthKit (= 7.0.0)
    - SwifterSwift/MapKit (= 7.0.0)
    - SwifterSwift/SceneKit (= 7.0.0)
    - SwifterSwift/SpriteKit (= 7.0.0)
    - SwifterSwift/StoreKit (= 7.0.0)
    - SwifterSwift/SwiftStdlib (= 7.0.0)
    - SwifterSwift/UIKit (= 7.0.0)
    - SwifterSwift/WebKit (= 7.0.0)
  - SwifterSwift/AppKit (7.0.0)
  - SwifterSwift/CoreAnimation (7.0.0)
  - SwifterSwift/CoreGraphics (7.0.0)
  - SwifterSwift/CoreLocation (7.0.0)
  - SwifterSwift/CryptoKit (7.0.0)
  - SwifterSwift/Dispatch (7.0.0)
  - SwifterSwift/Foundation (7.0.0)
  - SwifterSwift/HealthKit (7.0.0)
  - SwifterSwift/MapKit (7.0.0)
  - SwifterSwift/SceneKit (7.0.0)
  - SwifterSwift/SpriteKit (7.0.0)
  - SwifterSwift/StoreKit (7.0.0)
  - SwifterSwift/SwiftStdlib (7.0.0)
  - SwifterSwift/UIKit (7.0.0)
  - SwifterSwift/WebKit (7.0.0)
  - SwiftyJSON (5.0.2)
  - WebRTC-SDK (125.6422.07)
  - YYKit (1.0.9):
    - YYKit/no-arc (= 1.0.9)
  - YYKit/no-arc (1.0.9)

DEPENDENCIES:
  - BMPlayer (from `./Frameworks/BMPlayer`)
  - CombineCocoa
  - CoreStore
  - ffmpeg-kit-ios-full (from `./Frameworks/ffmpeg-kit-ios-full`)
  - SnapKit (~> 5.7.1)
  - SwifterSwift
  - SwiftyJSON
  - WebRTC-SDK (= 125.6422.07)
  - YYKit

SPEC REPOS:
  https://mirrors.tuna.tsinghua.edu.cn/git/CocoaPods/Specs.git:
    - NVActivityIndicatorView
    - SwifterSwift
    - WebRTC-SDK
  trunk:
    - CombineCocoa
    - CoreStore
    - SnapKit
    - SwiftyJSON
    - YYKit

EXTERNAL SOURCES:
  BMPlayer:
    :path: "./Frameworks/BMPlayer"
  ffmpeg-kit-ios-full:
    :path: "./Frameworks/ffmpeg-kit-ios-full"

SPEC CHECKSUMS:
  BMPlayer: 426dd675346b83b5203f73b903cd92a9b59a2c73
  CombineCocoa: e5210dbfb480ff251078929459ac17e750e7af1d
  CoreStore: 6e7e2010ce7b8ad9cf7348c650020c3d7ea0afb2
  ffmpeg-kit-ios-full: 94cd8cfe30a94e3419c4c851666e7a4ce11a6ccd
  NVActivityIndicatorView: b19ddab2576f805cbe0fb2306cba3476e09a1dea
  SnapKit: d612e99e678a2d3b95bf60b0705ed0a35c03484a
  SwifterSwift: e9caf990fc72e835432280755d1f4c43f2a483d5
  SwiftyJSON: f5b1bf1cd8dd53cd25887ac0eabcfd92301c6a5a
  WebRTC-SDK: dff00a3892bc570b6014e046297782084071657e
  YYKit: 7cda43304a8dc3696c449041e2cb3107b4e236e7

PODFILE CHECKSUM: 825445dd260f99c3d329236df229fb2a1d302c2d

COCOAPODS: 1.16.2
