// !$*UTF8*$!
{
	archiveVersion = 1;
	classes = {
	};
	objectVersion = 77;
	objects = {

/* Begin PBXBuildFile section */
		430D94812EBB21C200D44522 /* AppRouterManager.swift in Sources */ = {isa = PBXBuildFile; fileRef = 430D94802EBB21C200D44522 /* AppRouterManager.swift */; };
		4324E4EC2DA909F500C8971B /* AppThemeViewController.swift in Sources */ = {isa = PBXBuildFile; fileRef = 4324E4EB2DA909F500C8971B /* AppThemeViewController.swift */; };
		43269A082D95438A0025EEAC /* EntityUserModelV1.swift in Sources */ = {isa = PBXBuildFile; fileRef = 432699DE2D95438A0025EEAC /* EntityUserModelV1.swift */; };
		43269A092D95438A0025EEAC /* EViewController.swift in Sources */ = {isa = PBXBuildFile; fileRef = 43269A002D95438A0025EEAC /* EViewController.swift */; };
		43269A0A2D95438A0025EEAC /* UserModel.swift in Sources */ = {isa = PBXBuildFile; fileRef = 432699E42D95438A0025EEAC /* UserModel.swift */; };
		43269A0B2D95438A0025EEAC /* BaseTableView.swift in Sources */ = {isa = PBXBuildFile; fileRef = 432699E92D95438A0025EEAC /* BaseTableView.swift */; };
		43269A0C2D95438A0025EEAC /* BViewController.swift in Sources */ = {isa = PBXBuildFile; fileRef = 432699F52D95438A0025EEAC /* BViewController.swift */; };
		43269A0D2D95438A0025EEAC /* DCell.swift in Sources */ = {isa = PBXBuildFile; fileRef = 432699FD2D95438A0025EEAC /* DCell.swift */; };
		43269A0E2D95438A0025EEAC /* C1ViewController.swift in Sources */ = {isa = PBXBuildFile; fileRef = 432699F82D95438A0025EEAC /* C1ViewController.swift */; };
		43269A0F2D95438A0025EEAC /* UserModelData.xcdatamodeld in Sources */ = {isa = PBXBuildFile; fileRef = 432699E52D95438A0025EEAC /* UserModelData.xcdatamodeld */; };
		43269A102D95438A0025EEAC /* EntityUserModelV2.swift in Sources */ = {isa = PBXBuildFile; fileRef = 432699DF2D95438A0025EEAC /* EntityUserModelV2.swift */; };
		43269A112D95438A0025EEAC /* UIImage+Extension.swift in Sources */ = {isa = PBXBuildFile; fileRef = 432699EE2D95438A0025EEAC /* UIImage+Extension.swift */; };
		43269A132D95438A0025EEAC /* AppDateFormatterManager.swift in Sources */ = {isa = PBXBuildFile; fileRef = 432699E72D95438A0025EEAC /* AppDateFormatterManager.swift */; };
		43269A142D95438A0025EEAC /* CViewController.swift in Sources */ = {isa = PBXBuildFile; fileRef = 432699FB2D95438A0025EEAC /* CViewController.swift */; };
		43269A152D95438A0025EEAC /* CoreDataManager.swift in Sources */ = {isa = PBXBuildFile; fileRef = 432699E22D95438A0025EEAC /* CoreDataManager.swift */; };
		43269A162D95438A0025EEAC /* C1TableView.swift in Sources */ = {isa = PBXBuildFile; fileRef = 432699F72D95438A0025EEAC /* C1TableView.swift */; };
		43269A182D95438A0025EEAC /* EntityUserModelV3.swift in Sources */ = {isa = PBXBuildFile; fileRef = 432699E02D95438A0025EEAC /* EntityUserModelV3.swift */; };
		43269A192D95438A0025EEAC /* AppDelegate.swift in Sources */ = {isa = PBXBuildFile; fileRef = 43269A032D95438A0025EEAC /* AppDelegate.swift */; };
		43269A1A2D95438A0025EEAC /* User.swift in Sources */ = {isa = PBXBuildFile; fileRef = 432699E32D95438A0025EEAC /* User.swift */; };
		43269A1B2D95438A0025EEAC /* BaseNavigationController.swift in Sources */ = {isa = PBXBuildFile; fileRef = 432699EA2D95438A0025EEAC /* BaseNavigationController.swift */; };
		43269A1C2D95438A0025EEAC /* CCell.swift in Sources */ = {isa = PBXBuildFile; fileRef = 432699F92D95438A0025EEAC /* CCell.swift */; };
		43269A1E2D95438A0025EEAC /* CustomFlowLayout.swift in Sources */ = {isa = PBXBuildFile; fileRef = 432699FA2D95438A0025EEAC /* CustomFlowLayout.swift */; };
		43269A1F2D95438A0025EEAC /* AViewController.swift in Sources */ = {isa = PBXBuildFile; fileRef = 432699F22D95438A0025EEAC /* AViewController.swift */; };
		43269A202D95438A0025EEAC /* BCell.swift in Sources */ = {isa = PBXBuildFile; fileRef = 432699F42D95438A0025EEAC /* BCell.swift */; };
		43269A212D95438A0025EEAC /* DViewController.swift in Sources */ = {isa = PBXBuildFile; fileRef = 432699FE2D95438A0025EEAC /* DViewController.swift */; };
		43269A232D95438A0025EEAC /* UIView+Extension.swift in Sources */ = {isa = PBXBuildFile; fileRef = 432699EF2D95438A0025EEAC /* UIView+Extension.swift */; };
		43269A242D95438A0025EEAC /* 飞书20250120-095209.mp4 in Resources */ = {isa = PBXBuildFile; fileRef = 432699F12D95438A0025EEAC /* 飞书20250120-095209.mp4 */; };
		43269A2B2D9544FB0025EEAC /* Main.storyboard in Resources */ = {isa = PBXBuildFile; fileRef = 43269A292D9544FB0025EEAC /* Main.storyboard */; };
		43269A2C2D9544FB0025EEAC /* LaunchScreen.storyboard in Resources */ = {isa = PBXBuildFile; fileRef = 43269A272D9544FB0025EEAC /* LaunchScreen.storyboard */; };
		433065E92E8A1E46002E2018 /* GradientLineChartViewController.swift in Sources */ = {isa = PBXBuildFile; fileRef = 433065E82E8A1E46002E2018 /* GradientLineChartViewController.swift */; };
		433065EB2E8A1EBC002E2018 /* BarChartDemoViewController.swift in Sources */ = {isa = PBXBuildFile; fileRef = 433065EA2E8A1EBC002E2018 /* BarChartDemoViewController.swift */; };
		433065ED2E8A1EE5002E2018 /* CombinedChartDemoViewController.swift in Sources */ = {isa = PBXBuildFile; fileRef = 433065EC2E8A1EE5002E2018 /* CombinedChartDemoViewController.swift */; };
		433065F62E8A21E3002E2018 /* UIEdgeInsets+Extension.swift in Sources */ = {isa = PBXBuildFile; fileRef = 433065F52E8A21E3002E2018 /* UIEdgeInsets+Extension.swift */; };
		433065F92E8A23DB002E2018 /* PublicFunction.swift in Sources */ = {isa = PBXBuildFile; fileRef = 433065F72E8A23DB002E2018 /* PublicFunction.swift */; };
		433065FA2E8A23DB002E2018 /* PublicMacro.swift in Sources */ = {isa = PBXBuildFile; fileRef = 433065F82E8A23DB002E2018 /* PublicMacro.swift */; };
		433065FC2E8A2444002E2018 /* UIWindow+Extension.swift in Sources */ = {isa = PBXBuildFile; fileRef = 433065FB2E8A2444002E2018 /* UIWindow+Extension.swift */; };
		433065FE2E8A2D27002E2018 /* UIFont+Extension.swift in Sources */ = {isa = PBXBuildFile; fileRef = 433065FD2E8A2D27002E2018 /* UIFont+Extension.swift */; };
		433066002E8A2FE0002E2018 /* CALayer+Extension.swift in Sources */ = {isa = PBXBuildFile; fileRef = 433065FF2E8A2FE0002E2018 /* CALayer+Extension.swift */; };
		4330661C2E8B89DE002E2018 /* AppTabBarController.swift in Sources */ = {isa = PBXBuildFile; fileRef = 4330661B2E8B89DE002E2018 /* AppTabBarController.swift */; };
		433066442E8BBC56002E2018 /* SceneDelegate.swift in Sources */ = {isa = PBXBuildFile; fileRef = 433066432E8BBC56002E2018 /* SceneDelegate.swift */; };
		433066562E8BC083002E2018 /* ACell.swift in Sources */ = {isa = PBXBuildFile; fileRef = 433066552E8BC083002E2018 /* ACell.swift */; };
		433066582E8BC15A002E2018 /* BaseTableViewCell.swift in Sources */ = {isa = PBXBuildFile; fileRef = 433066572E8BC15A002E2018 /* BaseTableViewCell.swift */; };
		4333CFA62E001CDB00ADDF38 /* String+Extension.swift in Sources */ = {isa = PBXBuildFile; fileRef = 4333CFA52E001CDB00ADDF38 /* String+Extension.swift */; };
		43543E5E2EF91DA7005B8B9D /* HomeTopBackgroundViewController.swift in Sources */ = {isa = PBXBuildFile; fileRef = 43543E5D2EF91DA7005B8B9D /* HomeTopBackgroundViewController.swift */; };
		435B76522D9E345700093B91 /* VideoPlayerViewController.swift in Sources */ = {isa = PBXBuildFile; fileRef = 435B76512D9E345700093B91 /* VideoPlayerViewController.swift */; };
		435B766E2D9E411500093B91 /* Object+Extension.swift in Sources */ = {isa = PBXBuildFile; fileRef = 435B766D2D9E411500093B91 /* Object+Extension.swift */; };
		435D785E2E03E52900688F0E /* MiniAppTestView.swift in Sources */ = {isa = PBXBuildFile; fileRef = 435D785D2E03E52900688F0E /* MiniAppTestView.swift */; };
		436197D52EE6CEA3004932D6 /* SimplePieChartViewController.swift in Sources */ = {isa = PBXBuildFile; fileRef = 436197D42EE6CEA3004932D6 /* SimplePieChartViewController.swift */; };
		436197F02EE7C265004932D6 /* AnimatedLineGraphChartView.swift in Sources */ = {isa = PBXBuildFile; fileRef = 436197EF2EE7C265004932D6 /* AnimatedLineGraphChartView.swift */; };
		436197F22EE7C2AC004932D6 /* UIColor+SExtension.swift in Sources */ = {isa = PBXBuildFile; fileRef = 436197F12EE7C2AC004932D6 /* UIColor+SExtension.swift */; };
		436197F42EE7C382004932D6 /* ChatTestViewController.swift in Sources */ = {isa = PBXBuildFile; fileRef = 436197F32EE7C382004932D6 /* ChatTestViewController.swift */; };
		436197FB2EE81221004932D6 /* CandleStickDemoViewController2.swift in Sources */ = {isa = PBXBuildFile; fileRef = 436197FA2EE81221004932D6 /* CandleStickDemoViewController2.swift */; };
		436197FE2EE81BB6004932D6 /* KLineData.swift in Sources */ = {isa = PBXBuildFile; fileRef = 436197FD2EE81BB6004932D6 /* KLineData.swift */; };
		436198002EE81C1C004932D6 /* KLineConfiguration.swift in Sources */ = {isa = PBXBuildFile; fileRef = 436197FF2EE81C1C004932D6 /* KLineConfiguration.swift */; };
		436198022EE81D3F004932D6 /* KLineChartViewXX.swift in Sources */ = {isa = PBXBuildFile; fileRef = 436198012EE81D3F004932D6 /* KLineChartViewXX.swift */; };
		436198092EE948AA004932D6 /* CandleStickDemoViewController3.swift in Sources */ = {isa = PBXBuildFile; fileRef = 436198082EE948AA004932D6 /* CandleStickDemoViewController3.swift */; };
		4361980C2EE948DD004932D6 /* KLineChartView.swift in Sources */ = {isa = PBXBuildFile; fileRef = 4361980B2EE948DD004932D6 /* KLineChartView.swift */; };
		4361980D2EE95376004932D6 /* Assets.xcassets in Resources */ = {isa = PBXBuildFile; fileRef = 432699DC2D9543780025EEAC /* Assets.xcassets */; };
		4361980F2EE95753004932D6 /* KLineConfig.swift in Sources */ = {isa = PBXBuildFile; fileRef = 4361980E2EE95753004932D6 /* KLineConfig.swift */; };
		436198222EEB010D004932D6 /* KLineDataGenerator.swift in Sources */ = {isa = PBXBuildFile; fileRef = 436198212EEB010D004932D6 /* KLineDataGenerator.swift */; };
		436198242EEBEFB4004932D6 /* KLineDrawModel.swift in Sources */ = {isa = PBXBuildFile; fileRef = 436198232EEBEFB4004932D6 /* KLineDrawModel.swift */; };
		43682A922E8947780015EDF6 /* CandleStickDemoViewController.swift in Sources */ = {isa = PBXBuildFile; fileRef = 43682A912E8947780015EDF6 /* CandleStickDemoViewController.swift */; };
		43740CC02DB7840E005119F4 /* TestRSA.swift in Sources */ = {isa = PBXBuildFile; fileRef = 43740CBF2DB7840E005119F4 /* TestRSA.swift */; };
		437988422DB9EB4F00A9BEE2 /* 2025-04-23_4029257634_Logs.log in Resources */ = {isa = PBXBuildFile; fileRef = 437988412DB9EB4F00A9BEE2 /* 2025-04-23_4029257634_Logs.log */; };
		4379884A2DBA061300A9BEE2 /* private_key.pem in Resources */ = {isa = PBXBuildFile; fileRef = 437988462DBA061300A9BEE2 /* private_key.pem */; };
		4379884B2DBA061300A9BEE2 /* public_key.pem in Resources */ = {isa = PBXBuildFile; fileRef = 437988472DBA061300A9BEE2 /* public_key.pem */; };
		4379884C2DBA061300A9BEE2 /* decryptFile.py in Resources */ = {isa = PBXBuildFile; fileRef = 437988452DBA061300A9BEE2 /* decryptFile.py */; };
		4381FB6B2D9D48EF00BF4B93 /* MyPackage in Frameworks */ = {isa = PBXBuildFile; productRef = 4381FB6A2D9D48EF00BF4B93 /* MyPackage */; };
		4385243D2ED706AE00C8F8C3 /* S3DModelView.swift in Sources */ = {isa = PBXBuildFile; fileRef = 4385243C2ED706AE00C8F8C3 /* S3DModelView.swift */; };
		438524472ED7074000C8F8C3 /* wd_1.hdr in Resources */ = {isa = PBXBuildFile; fileRef = 438524422ED7074000C8F8C3 /* wd_1.hdr */; };
		43A15A0B2EFBCEDD00936BB4 /* wd_1.usdz in Resources */ = {isa = PBXBuildFile; fileRef = 43A15A0A2EFBCEDD00936BB4 /* wd_1.usdz */; };
		43AA20D32EC4341A000D1EAC /* Test3DViewController.swift in Sources */ = {isa = PBXBuildFile; fileRef = 43AA20D22EC4341A000D1EAC /* Test3DViewController.swift */; };
		43B188B82EF298B900AC8168 /* AppPage.swift in Sources */ = {isa = PBXBuildFile; fileRef = 43B188B72EF298B900AC8168 /* AppPage.swift */; };
		43BEABA42E02B27500092EB3 /* MiniAppManager.swift in Sources */ = {isa = PBXBuildFile; fileRef = 43BEABA32E02B27500092EB3 /* MiniAppManager.swift */; };
		43BEABA62E02B2F700092EB3 /* MiniAppH5ContainerViewController.swift in Sources */ = {isa = PBXBuildFile; fileRef = 43BEABA52E02B2F700092EB3 /* MiniAppH5ContainerViewController.swift */; };
		43BEABA82E02B3C300092EB3 /* SavoPresentSwipeInteractionController.swift in Sources */ = {isa = PBXBuildFile; fileRef = 43BEABA72E02B3C300092EB3 /* SavoPresentSwipeInteractionController.swift */; };
		43BEABAC2E02B45C00092EB3 /* MiniAppContainerNavigationView.swift in Sources */ = {isa = PBXBuildFile; fileRef = 43BEABAA2E02B45C00092EB3 /* MiniAppContainerNavigationView.swift */; };
		43BEABAE2E02B45C00092EB3 /* MiniAppContainerButtonView.swift in Sources */ = {isa = PBXBuildFile; fileRef = 43BEABA92E02B45C00092EB3 /* MiniAppContainerButtonView.swift */; };
		43BEABB02E02C2A100092EB3 /* MiniAppH5ContainerSmallView.swift in Sources */ = {isa = PBXBuildFile; fileRef = 43BEABAF2E02C2A100092EB3 /* MiniAppH5ContainerSmallView.swift */; };
		43C2E23D2E28F3BC00F04297 /* AppThemeModeManager.swift in Sources */ = {isa = PBXBuildFile; fileRef = 43C2E23C2E28F3BC00F04297 /* AppThemeModeManager.swift */; };
		43C2E23F2E28F5F000F04297 /* BaseView.swift in Sources */ = {isa = PBXBuildFile; fileRef = 43C2E23E2E28F5F000F04297 /* BaseView.swift */; };
		43C2E2412E28F5FC00F04297 /* BaseViewController.swift in Sources */ = {isa = PBXBuildFile; fileRef = 43C2E2402E28F5FC00F04297 /* BaseViewController.swift */; };
		43C2E2432E28FBB900F04297 /* SceneDelegate+Other.swift in Sources */ = {isa = PBXBuildFile; fileRef = 43C2E2422E28FBB900F04297 /* SceneDelegate+Other.swift */; };
		43C2E2452E290D6700F04297 /* YYLabel+Extension.swift in Sources */ = {isa = PBXBuildFile; fileRef = 43C2E2442E290D6700F04297 /* YYLabel+Extension.swift */; };
		43DCC3872DB62EA100E83159 /* FileEncryptor.swift in Sources */ = {isa = PBXBuildFile; fileRef = 43DCC3862DB62EA100E83159 /* FileEncryptor.swift */; };
		43EA0F972EFCE63300424D04 /* g.glb in Resources */ = {isa = PBXBuildFile; fileRef = 43EA0F962EFCE63300424D04 /* g.glb */; };
		43EA0FC62EFD399F00424D04 /* WebView3D.swift in Sources */ = {isa = PBXBuildFile; fileRef = 43EA0FC52EFD399F00424D04 /* WebView3D.swift */; };
		43EA0FC92EFD3FDA00424D04 /* index.html in Resources */ = {isa = PBXBuildFile; fileRef = 43EA0FC72EFD3FDA00424D04 /* index.html */; };
		43EA0FCA2EFD3FDA00424D04 /* model-viewer.min.js in Resources */ = {isa = PBXBuildFile; fileRef = 43EA0FC82EFD3FDA00424D04 /* model-viewer.min.js */; };
		43EA0FCE2EFD4FCE00424D04 /* gg.glb in Resources */ = {isa = PBXBuildFile; fileRef = 43EA0FCB2EFD4FCE00424D04 /* gg.glb */; };
		43EA0FD02EFD4FCE00424D04 /* wd_1g.hdr in Resources */ = {isa = PBXBuildFile; fileRef = 43EA0FCD2EFD4FCE00424D04 /* wd_1g.hdr */; };
		43EA0FDC2EFD581800424D04 /* model.html in Resources */ = {isa = PBXBuildFile; fileRef = 43EA0FDB2EFD581700424D04 /* model.html */; };
		70B7D08140DA2D47D08ABB22 /* Pods_SwiftTest.framework in Frameworks */ = {isa = PBXBuildFile; fileRef = B03EE556CFF5D8CE9DF3DC7C /* Pods_SwiftTest.framework */; };
/* End PBXBuildFile section */

/* Begin PBXCopyFilesBuildPhase section */
		43983AE62EDFE3A90000CADA /* Embed Frameworks */ = {
			isa = PBXCopyFilesBuildPhase;
			buildActionMask = 2147483647;
			dstPath = "";
			dstSubfolderSpec = 10;
			files = (
			);
			name = "Embed Frameworks";
			runOnlyForDeploymentPostprocessing = 0;
		};
/* End PBXCopyFilesBuildPhase section */

/* Begin PBXFileReference section */
		2E62492FBA8854686AFD4BA0 /* Pods-SwiftTest.debug.xcconfig */ = {isa = PBXFileReference; includeInIndex = 1; lastKnownFileType = text.xcconfig; name = "Pods-SwiftTest.debug.xcconfig"; path = "Target Support Files/Pods-SwiftTest/Pods-SwiftTest.debug.xcconfig"; sourceTree = "<group>"; };
		4300E9642EFA948000FBB966 /* mul */ = {isa = PBXFileReference; lastKnownFileType = text.json.xcstrings; name = mul; path = ../mul.lproj/Main.xcstrings; sourceTree = "<group>"; };
		4300E9652EFA948000FBB966 /* mul */ = {isa = PBXFileReference; lastKnownFileType = text.json.xcstrings; name = mul; path = ../mul.lproj/LaunchScreen.xcstrings; sourceTree = "<group>"; };
		430D94802EBB21C200D44522 /* AppRouterManager.swift */ = {isa = PBXFileReference; lastKnownFileType = sourcecode.swift; path = AppRouterManager.swift; sourceTree = "<group>"; };
		4324E4EB2DA909F500C8971B /* AppThemeViewController.swift */ = {isa = PBXFileReference; lastKnownFileType = sourcecode.swift; path = AppThemeViewController.swift; sourceTree = "<group>"; };
		432699732D953FD70025EEAC /* SwiftTest.app */ = {isa = PBXFileReference; explicitFileType = wrapper.application; includeInIndex = 0; path = SwiftTest.app; sourceTree = BUILT_PRODUCTS_DIR; };
		432699CD2D9540390025EEAC /* Info.plist */ = {isa = PBXFileReference; lastKnownFileType = text.plist.xml; path = Info.plist; sourceTree = "<group>"; };
		432699DC2D9543780025EEAC /* Assets.xcassets */ = {isa = PBXFileReference; lastKnownFileType = folder.assetcatalog; path = Assets.xcassets; sourceTree = "<group>"; };
		432699DE2D95438A0025EEAC /* EntityUserModelV1.swift */ = {isa = PBXFileReference; lastKnownFileType = sourcecode.swift; path = EntityUserModelV1.swift; sourceTree = "<group>"; };
		432699DF2D95438A0025EEAC /* EntityUserModelV2.swift */ = {isa = PBXFileReference; lastKnownFileType = sourcecode.swift; path = EntityUserModelV2.swift; sourceTree = "<group>"; };
		432699E02D95438A0025EEAC /* EntityUserModelV3.swift */ = {isa = PBXFileReference; lastKnownFileType = sourcecode.swift; path = EntityUserModelV3.swift; sourceTree = "<group>"; };
		432699E22D95438A0025EEAC /* CoreDataManager.swift */ = {isa = PBXFileReference; lastKnownFileType = sourcecode.swift; path = CoreDataManager.swift; sourceTree = "<group>"; };
		432699E32D95438A0025EEAC /* User.swift */ = {isa = PBXFileReference; lastKnownFileType = sourcecode.swift; path = User.swift; sourceTree = "<group>"; };
		432699E42D95438A0025EEAC /* UserModel.swift */ = {isa = PBXFileReference; lastKnownFileType = sourcecode.swift; path = UserModel.swift; sourceTree = "<group>"; };
		432699E72D95438A0025EEAC /* AppDateFormatterManager.swift */ = {isa = PBXFileReference; lastKnownFileType = sourcecode.swift; path = AppDateFormatterManager.swift; sourceTree = "<group>"; };
		432699E92D95438A0025EEAC /* BaseTableView.swift */ = {isa = PBXFileReference; lastKnownFileType = sourcecode.swift; path = BaseTableView.swift; sourceTree = "<group>"; };
		432699EA2D95438A0025EEAC /* BaseNavigationController.swift */ = {isa = PBXFileReference; lastKnownFileType = sourcecode.swift; path = BaseNavigationController.swift; sourceTree = "<group>"; };
		432699EE2D95438A0025EEAC /* UIImage+Extension.swift */ = {isa = PBXFileReference; lastKnownFileType = sourcecode.swift; path = "UIImage+Extension.swift"; sourceTree = "<group>"; };
		432699EF2D95438A0025EEAC /* UIView+Extension.swift */ = {isa = PBXFileReference; lastKnownFileType = sourcecode.swift; path = "UIView+Extension.swift"; sourceTree = "<group>"; };
		432699F12D95438A0025EEAC /* 飞书20250120-095209.mp4 */ = {isa = PBXFileReference; lastKnownFileType = file; path = "飞书20250120-095209.mp4"; sourceTree = "<group>"; };
		432699F22D95438A0025EEAC /* AViewController.swift */ = {isa = PBXFileReference; lastKnownFileType = sourcecode.swift; path = AViewController.swift; sourceTree = "<group>"; };
		432699F42D95438A0025EEAC /* BCell.swift */ = {isa = PBXFileReference; lastKnownFileType = sourcecode.swift; path = BCell.swift; sourceTree = "<group>"; };
		432699F52D95438A0025EEAC /* BViewController.swift */ = {isa = PBXFileReference; lastKnownFileType = sourcecode.swift; path = BViewController.swift; sourceTree = "<group>"; };
		432699F72D95438A0025EEAC /* C1TableView.swift */ = {isa = PBXFileReference; lastKnownFileType = sourcecode.swift; path = C1TableView.swift; sourceTree = "<group>"; };
		432699F82D95438A0025EEAC /* C1ViewController.swift */ = {isa = PBXFileReference; lastKnownFileType = sourcecode.swift; path = C1ViewController.swift; sourceTree = "<group>"; };
		432699F92D95438A0025EEAC /* CCell.swift */ = {isa = PBXFileReference; lastKnownFileType = sourcecode.swift; path = CCell.swift; sourceTree = "<group>"; };
		432699FA2D95438A0025EEAC /* CustomFlowLayout.swift */ = {isa = PBXFileReference; lastKnownFileType = sourcecode.swift; path = CustomFlowLayout.swift; sourceTree = "<group>"; };
		432699FB2D95438A0025EEAC /* CViewController.swift */ = {isa = PBXFileReference; lastKnownFileType = sourcecode.swift; path = CViewController.swift; sourceTree = "<group>"; };
		432699FD2D95438A0025EEAC /* DCell.swift */ = {isa = PBXFileReference; lastKnownFileType = sourcecode.swift; path = DCell.swift; sourceTree = "<group>"; };
		432699FE2D95438A0025EEAC /* DViewController.swift */ = {isa = PBXFileReference; lastKnownFileType = sourcecode.swift; path = DViewController.swift; sourceTree = "<group>"; };
		43269A002D95438A0025EEAC /* EViewController.swift */ = {isa = PBXFileReference; lastKnownFileType = sourcecode.swift; path = EViewController.swift; sourceTree = "<group>"; };
		43269A032D95438A0025EEAC /* AppDelegate.swift */ = {isa = PBXFileReference; lastKnownFileType = sourcecode.swift; path = AppDelegate.swift; sourceTree = "<group>"; };
		43269A062D95438A0025EEAC /* UserModelData.xcdatamodel */ = {isa = PBXFileReference; lastKnownFileType = wrapper.xcdatamodel; path = UserModelData.xcdatamodel; sourceTree = "<group>"; };
		43269A072D95438A0025EEAC /* UserModelDataV2.xcdatamodel */ = {isa = PBXFileReference; lastKnownFileType = wrapper.xcdatamodel; path = UserModelDataV2.xcdatamodel; sourceTree = "<group>"; };
		43269A262D9544FB0025EEAC /* Base */ = {isa = PBXFileReference; lastKnownFileType = file.storyboard; name = Base; path = LaunchScreen.storyboard; sourceTree = "<group>"; };
		43269A282D9544FB0025EEAC /* Base */ = {isa = PBXFileReference; lastKnownFileType = file.storyboard; name = Base; path = Main.storyboard; sourceTree = "<group>"; };
		433065E82E8A1E46002E2018 /* GradientLineChartViewController.swift */ = {isa = PBXFileReference; lastKnownFileType = sourcecode.swift; path = GradientLineChartViewController.swift; sourceTree = "<group>"; };
		433065EA2E8A1EBC002E2018 /* BarChartDemoViewController.swift */ = {isa = PBXFileReference; lastKnownFileType = sourcecode.swift; path = BarChartDemoViewController.swift; sourceTree = "<group>"; };
		433065EC2E8A1EE5002E2018 /* CombinedChartDemoViewController.swift */ = {isa = PBXFileReference; lastKnownFileType = sourcecode.swift; path = CombinedChartDemoViewController.swift; sourceTree = "<group>"; };
		433065F52E8A21E3002E2018 /* UIEdgeInsets+Extension.swift */ = {isa = PBXFileReference; lastKnownFileType = sourcecode.swift; path = "UIEdgeInsets+Extension.swift"; sourceTree = "<group>"; };
		433065F72E8A23DB002E2018 /* PublicFunction.swift */ = {isa = PBXFileReference; lastKnownFileType = sourcecode.swift; path = PublicFunction.swift; sourceTree = "<group>"; };
		433065F82E8A23DB002E2018 /* PublicMacro.swift */ = {isa = PBXFileReference; lastKnownFileType = sourcecode.swift; path = PublicMacro.swift; sourceTree = "<group>"; };
		433065FB2E8A2444002E2018 /* UIWindow+Extension.swift */ = {isa = PBXFileReference; lastKnownFileType = sourcecode.swift; path = "UIWindow+Extension.swift"; sourceTree = "<group>"; };
		433065FD2E8A2D27002E2018 /* UIFont+Extension.swift */ = {isa = PBXFileReference; lastKnownFileType = sourcecode.swift; path = "UIFont+Extension.swift"; sourceTree = "<group>"; };
		433065FF2E8A2FE0002E2018 /* CALayer+Extension.swift */ = {isa = PBXFileReference; lastKnownFileType = sourcecode.swift; path = "CALayer+Extension.swift"; sourceTree = "<group>"; };
		4330661B2E8B89DE002E2018 /* AppTabBarController.swift */ = {isa = PBXFileReference; lastKnownFileType = sourcecode.swift; path = AppTabBarController.swift; sourceTree = "<group>"; };
		433066432E8BBC56002E2018 /* SceneDelegate.swift */ = {isa = PBXFileReference; lastKnownFileType = sourcecode.swift; path = SceneDelegate.swift; sourceTree = "<group>"; };
		433066552E8BC083002E2018 /* ACell.swift */ = {isa = PBXFileReference; lastKnownFileType = sourcecode.swift; path = ACell.swift; sourceTree = "<group>"; };
		433066572E8BC15A002E2018 /* BaseTableViewCell.swift */ = {isa = PBXFileReference; lastKnownFileType = sourcecode.swift; path = BaseTableViewCell.swift; sourceTree = "<group>"; };
		4333CFA52E001CDB00ADDF38 /* String+Extension.swift */ = {isa = PBXFileReference; lastKnownFileType = sourcecode.swift; path = "String+Extension.swift"; sourceTree = "<group>"; };
		43543E5D2EF91DA7005B8B9D /* HomeTopBackgroundViewController.swift */ = {isa = PBXFileReference; lastKnownFileType = sourcecode.swift; path = HomeTopBackgroundViewController.swift; sourceTree = "<group>"; };
		435B76512D9E345700093B91 /* VideoPlayerViewController.swift */ = {isa = PBXFileReference; lastKnownFileType = sourcecode.swift; path = VideoPlayerViewController.swift; sourceTree = "<group>"; };
		435B766D2D9E411500093B91 /* Object+Extension.swift */ = {isa = PBXFileReference; lastKnownFileType = sourcecode.swift; path = "Object+Extension.swift"; sourceTree = "<group>"; };
		435D785D2E03E52900688F0E /* MiniAppTestView.swift */ = {isa = PBXFileReference; lastKnownFileType = sourcecode.swift; path = MiniAppTestView.swift; sourceTree = "<group>"; };
		436197D42EE6CEA3004932D6 /* SimplePieChartViewController.swift */ = {isa = PBXFileReference; lastKnownFileType = sourcecode.swift; path = SimplePieChartViewController.swift; sourceTree = "<group>"; };
		436197EF2EE7C265004932D6 /* AnimatedLineGraphChartView.swift */ = {isa = PBXFileReference; lastKnownFileType = sourcecode.swift; path = AnimatedLineGraphChartView.swift; sourceTree = "<group>"; };
		436197F12EE7C2AC004932D6 /* UIColor+SExtension.swift */ = {isa = PBXFileReference; lastKnownFileType = sourcecode.swift; path = "UIColor+SExtension.swift"; sourceTree = "<group>"; };
		436197F32EE7C382004932D6 /* ChatTestViewController.swift */ = {isa = PBXFileReference; lastKnownFileType = sourcecode.swift; path = ChatTestViewController.swift; sourceTree = "<group>"; };
		436197FA2EE81221004932D6 /* CandleStickDemoViewController2.swift */ = {isa = PBXFileReference; lastKnownFileType = sourcecode.swift; path = CandleStickDemoViewController2.swift; sourceTree = "<group>"; };
		436197FD2EE81BB6004932D6 /* KLineData.swift */ = {isa = PBXFileReference; lastKnownFileType = sourcecode.swift; path = KLineData.swift; sourceTree = "<group>"; };
		436197FF2EE81C1C004932D6 /* KLineConfiguration.swift */ = {isa = PBXFileReference; lastKnownFileType = sourcecode.swift; path = KLineConfiguration.swift; sourceTree = "<group>"; };
		436198012EE81D3F004932D6 /* KLineChartViewXX.swift */ = {isa = PBXFileReference; lastKnownFileType = sourcecode.swift; path = KLineChartViewXX.swift; sourceTree = "<group>"; };
		436198082EE948AA004932D6 /* CandleStickDemoViewController3.swift */ = {isa = PBXFileReference; lastKnownFileType = sourcecode.swift; path = CandleStickDemoViewController3.swift; sourceTree = "<group>"; };
		4361980B2EE948DD004932D6 /* KLineChartView.swift */ = {isa = PBXFileReference; lastKnownFileType = sourcecode.swift; path = KLineChartView.swift; sourceTree = "<group>"; };
		4361980E2EE95753004932D6 /* KLineConfig.swift */ = {isa = PBXFileReference; lastKnownFileType = sourcecode.swift; path = KLineConfig.swift; sourceTree = "<group>"; };
		436198212EEB010D004932D6 /* KLineDataGenerator.swift */ = {isa = PBXFileReference; lastKnownFileType = sourcecode.swift; path = KLineDataGenerator.swift; sourceTree = "<group>"; };
		436198232EEBEFB4004932D6 /* KLineDrawModel.swift */ = {isa = PBXFileReference; lastKnownFileType = sourcecode.swift; path = KLineDrawModel.swift; sourceTree = "<group>"; };
		43682A912E8947780015EDF6 /* CandleStickDemoViewController.swift */ = {isa = PBXFileReference; lastKnownFileType = sourcecode.swift; path = CandleStickDemoViewController.swift; sourceTree = "<group>"; };
		43740CBF2DB7840E005119F4 /* TestRSA.swift */ = {isa = PBXFileReference; lastKnownFileType = sourcecode.swift; path = TestRSA.swift; sourceTree = "<group>"; };
		437988412DB9EB4F00A9BEE2 /* 2025-04-23_4029257634_Logs.log */ = {isa = PBXFileReference; lastKnownFileType = text; path = "2025-04-23_4029257634_Logs.log"; sourceTree = "<group>"; };
		437988452DBA061300A9BEE2 /* decryptFile.py */ = {isa = PBXFileReference; lastKnownFileType = text.script.python; path = decryptFile.py; sourceTree = "<group>"; };
		437988462DBA061300A9BEE2 /* private_key.pem */ = {isa = PBXFileReference; lastKnownFileType = text; path = private_key.pem; sourceTree = "<group>"; };
		437988472DBA061300A9BEE2 /* public_key.pem */ = {isa = PBXFileReference; lastKnownFileType = text; path = public_key.pem; sourceTree = "<group>"; };
		4385243C2ED706AE00C8F8C3 /* S3DModelView.swift */ = {isa = PBXFileReference; lastKnownFileType = sourcecode.swift; path = S3DModelView.swift; sourceTree = "<group>"; };
		438524422ED7074000C8F8C3 /* wd_1.hdr */ = {isa = PBXFileReference; lastKnownFileType = text; path = wd_1.hdr; sourceTree = "<group>"; };
		43A15A0A2EFBCEDD00936BB4 /* wd_1.usdz */ = {isa = PBXFileReference; lastKnownFileType = file; path = wd_1.usdz; sourceTree = "<group>"; };
		43AA20D22EC4341A000D1EAC /* Test3DViewController.swift */ = {isa = PBXFileReference; lastKnownFileType = sourcecode.swift; path = Test3DViewController.swift; sourceTree = "<group>"; };
		43B188B72EF298B900AC8168 /* AppPage.swift */ = {isa = PBXFileReference; lastKnownFileType = sourcecode.swift; path = AppPage.swift; sourceTree = "<group>"; };
		43BEABA32E02B27500092EB3 /* MiniAppManager.swift */ = {isa = PBXFileReference; lastKnownFileType = sourcecode.swift; path = MiniAppManager.swift; sourceTree = "<group>"; };
		43BEABA52E02B2F700092EB3 /* MiniAppH5ContainerViewController.swift */ = {isa = PBXFileReference; lastKnownFileType = sourcecode.swift; path = MiniAppH5ContainerViewController.swift; sourceTree = "<group>"; };
		43BEABA72E02B3C300092EB3 /* SavoPresentSwipeInteractionController.swift */ = {isa = PBXFileReference; lastKnownFileType = sourcecode.swift; path = SavoPresentSwipeInteractionController.swift; sourceTree = "<group>"; };
		43BEABA92E02B45C00092EB3 /* MiniAppContainerButtonView.swift */ = {isa = PBXFileReference; lastKnownFileType = sourcecode.swift; path = MiniAppContainerButtonView.swift; sourceTree = "<group>"; };
		43BEABAA2E02B45C00092EB3 /* MiniAppContainerNavigationView.swift */ = {isa = PBXFileReference; lastKnownFileType = sourcecode.swift; path = MiniAppContainerNavigationView.swift; sourceTree = "<group>"; };
		43BEABAF2E02C2A100092EB3 /* MiniAppH5ContainerSmallView.swift */ = {isa = PBXFileReference; lastKnownFileType = sourcecode.swift; path = MiniAppH5ContainerSmallView.swift; sourceTree = "<group>"; };
		43C2E23C2E28F3BC00F04297 /* AppThemeModeManager.swift */ = {isa = PBXFileReference; lastKnownFileType = sourcecode.swift; path = AppThemeModeManager.swift; sourceTree = "<group>"; };
		43C2E23E2E28F5F000F04297 /* BaseView.swift */ = {isa = PBXFileReference; lastKnownFileType = sourcecode.swift; path = BaseView.swift; sourceTree = "<group>"; };
		43C2E2402E28F5FC00F04297 /* BaseViewController.swift */ = {isa = PBXFileReference; lastKnownFileType = sourcecode.swift; path = BaseViewController.swift; sourceTree = "<group>"; };
		43C2E2422E28FBB900F04297 /* SceneDelegate+Other.swift */ = {isa = PBXFileReference; lastKnownFileType = sourcecode.swift; path = "SceneDelegate+Other.swift"; sourceTree = "<group>"; };
		43C2E2442E290D6700F04297 /* YYLabel+Extension.swift */ = {isa = PBXFileReference; lastKnownFileType = sourcecode.swift; path = "YYLabel+Extension.swift"; sourceTree = "<group>"; };
		43DCC3862DB62EA100E83159 /* FileEncryptor.swift */ = {isa = PBXFileReference; lastKnownFileType = sourcecode.swift; path = FileEncryptor.swift; sourceTree = "<group>"; };
		43EA0F962EFCE63300424D04 /* g.glb */ = {isa = PBXFileReference; lastKnownFileType = file; path = g.glb; sourceTree = "<group>"; };
		43EA0FC52EFD399F00424D04 /* WebView3D.swift */ = {isa = PBXFileReference; lastKnownFileType = sourcecode.swift; path = WebView3D.swift; sourceTree = "<group>"; };
		43EA0FC72EFD3FDA00424D04 /* index.html */ = {isa = PBXFileReference; lastKnownFileType = text.html; path = index.html; sourceTree = "<group>"; };
		43EA0FC82EFD3FDA00424D04 /* model-viewer.min.js */ = {isa = PBXFileReference; lastKnownFileType = sourcecode.javascript; path = "model-viewer.min.js"; sourceTree = "<group>"; };
		43EA0FCB2EFD4FCE00424D04 /* gg.glb */ = {isa = PBXFileReference; lastKnownFileType = file; path = gg.glb; sourceTree = "<group>"; };
		43EA0FCD2EFD4FCE00424D04 /* wd_1g.hdr */ = {isa = PBXFileReference; lastKnownFileType = text; path = wd_1g.hdr; sourceTree = "<group>"; };
		43EA0FDB2EFD581700424D04 /* model.html */ = {isa = PBXFileReference; lastKnownFileType = text.html; path = model.html; sourceTree = "<group>"; };
		7E79A77BB7310BECCEC515A9 /* Pods-SwiftTest.release.xcconfig */ = {isa = PBXFileReference; includeInIndex = 1; lastKnownFileType = text.xcconfig; name = "Pods-SwiftTest.release.xcconfig"; path = "Target Support Files/Pods-SwiftTest/Pods-SwiftTest.release.xcconfig"; sourceTree = "<group>"; };
		B03EE556CFF5D8CE9DF3DC7C /* Pods_SwiftTest.framework */ = {isa = PBXFileReference; explicitFileType = wrapper.framework; includeInIndex = 0; path = Pods_SwiftTest.framework; sourceTree = BUILT_PRODUCTS_DIR; };
/* End PBXFileReference section */

/* Begin PBXFrameworksBuildPhase section */
		432699702D953FD70025EEAC /* Frameworks */ = {
			isa = PBXFrameworksBuildPhase;
			buildActionMask = 2147483647;
			files = (
				4381FB6B2D9D48EF00BF4B93 /* MyPackage in Frameworks */,
				70B7D08140DA2D47D08ABB22 /* Pods_SwiftTest.framework in Frameworks */,
			);
			runOnlyForDeploymentPostprocessing = 0;
		};
/* End PBXFrameworksBuildPhase section */

/* Begin PBXGroup section */
		3FE3A15415E01446008251F5 /* Frameworks */ = {
			isa = PBXGroup;
			children = (
				B03EE556CFF5D8CE9DF3DC7C /* Pods_SwiftTest.framework */,
			);
			name = Frameworks;
			sourceTree = "<group>";
		};
		430D947F2EBB219300D44522 /* Main */ = {
			isa = PBXGroup;
			children = (
				43269A032D95438A0025EEAC /* AppDelegate.swift */,
				433066432E8BBC56002E2018 /* SceneDelegate.swift */,
				43C2E2422E28FBB900F04297 /* SceneDelegate+Other.swift */,
				4330661B2E8B89DE002E2018 /* AppTabBarController.swift */,
			);
			path = Main;
			sourceTree = "<group>";
		};
		4326996A2D953FD70025EEAC = {
			isa = PBXGroup;
			children = (
				432699D42D9540390025EEAC /* SwiftTest */,
				432699742D953FD70025EEAC /* Products */,
				4D93665770E4F5D2D0790FAB /* Pods */,
				3FE3A15415E01446008251F5 /* Frameworks */,
			);
			sourceTree = "<group>";
		};
		432699742D953FD70025EEAC /* Products */ = {
			isa = PBXGroup;
			children = (
				432699732D953FD70025EEAC /* SwiftTest.app */,
			);
			name = Products;
			sourceTree = "<group>";
		};
		432699D42D9540390025EEAC /* SwiftTest */ = {
			isa = PBXGroup;
			children = (
				43AA20CC2EC433AB000D1EAC /* OBJ_3D */,
				43269A052D95438A0025EEAC /* Class */,
				432699DC2D9543780025EEAC /* Assets.xcassets */,
				43269A2A2D9544FB0025EEAC /* Base.lproj */,
				432699CD2D9540390025EEAC /* Info.plist */,
			);
			path = SwiftTest;
			sourceTree = "<group>";
		};
		432699E12D95438A0025EEAC /* EntityModel */ = {
			isa = PBXGroup;
			children = (
				432699DE2D95438A0025EEAC /* EntityUserModelV1.swift */,
				432699DF2D95438A0025EEAC /* EntityUserModelV2.swift */,
				432699E02D95438A0025EEAC /* EntityUserModelV3.swift */,
			);
			path = EntityModel;
			sourceTree = "<group>";
		};
		432699E62D95438A0025EEAC /* CoreData */ = {
			isa = PBXGroup;
			children = (
				432699E12D95438A0025EEAC /* EntityModel */,
				432699E22D95438A0025EEAC /* CoreDataManager.swift */,
				432699E32D95438A0025EEAC /* User.swift */,
				432699E42D95438A0025EEAC /* UserModel.swift */,
				432699E52D95438A0025EEAC /* UserModelData.xcdatamodeld */,
			);
			path = CoreData;
			sourceTree = "<group>";
		};
		432699F02D95438A0025EEAC /* Tools */ = {
			isa = PBXGroup;
			children = (
				433065F42E8A215A002E2018 /* Base */,
				433065F22E8A210A002E2018 /* Extension */,
				433065F32E8A212A002E2018 /* Manager */,
				433065F72E8A23DB002E2018 /* PublicFunction.swift */,
				433065F82E8A23DB002E2018 /* PublicMacro.swift */,
				43B188B72EF298B900AC8168 /* AppPage.swift */,
			);
			path = Tools;
			sourceTree = "<group>";
		};
		432699F32D95438A0025EEAC /* A */ = {
			isa = PBXGroup;
			children = (
				43B1894B2EF8E21E00AC8168 /* VCS */,
				4361980A2EE948C4004932D6 /* KLineChart3 */,
				436197FC2EE81B67004932D6 /* KLineChart */,
				43AA20C52EC42584000D1EAC /* 3D */,
				433065EE2E8A1F89002E2018 /* Charts */,
				435B76532D9E345B00093B91 /* Player */,
				433066552E8BC083002E2018 /* ACell.swift */,
				432699F22D95438A0025EEAC /* AViewController.swift */,
				4324E4EB2DA909F500C8971B /* AppThemeViewController.swift */,
			);
			path = A;
			sourceTree = "<group>";
		};
		432699F62D95438A0025EEAC /* B */ = {
			isa = PBXGroup;
			children = (
				432699F42D95438A0025EEAC /* BCell.swift */,
				432699F52D95438A0025EEAC /* BViewController.swift */,
			);
			path = B;
			sourceTree = "<group>";
		};
		432699FC2D95438A0025EEAC /* C */ = {
			isa = PBXGroup;
			children = (
				432699F72D95438A0025EEAC /* C1TableView.swift */,
				432699F82D95438A0025EEAC /* C1ViewController.swift */,
				432699F92D95438A0025EEAC /* CCell.swift */,
				432699FA2D95438A0025EEAC /* CustomFlowLayout.swift */,
				432699FB2D95438A0025EEAC /* CViewController.swift */,
			);
			path = C;
			sourceTree = "<group>";
		};
		432699FF2D95438A0025EEAC /* D */ = {
			isa = PBXGroup;
			children = (
				432699FD2D95438A0025EEAC /* DCell.swift */,
				432699FE2D95438A0025EEAC /* DViewController.swift */,
			);
			path = D;
			sourceTree = "<group>";
		};
		43269A012D95438A0025EEAC /* E */ = {
			isa = PBXGroup;
			children = (
				437988482DBA061300A9BEE2 /* RSA */,
				437988412DB9EB4F00A9BEE2 /* 2025-04-23_4029257634_Logs.log */,
				43269A002D95438A0025EEAC /* EViewController.swift */,
				43DCC3862DB62EA100E83159 /* FileEncryptor.swift */,
				43740CBF2DB7840E005119F4 /* TestRSA.swift */,
			);
			path = E;
			sourceTree = "<group>";
		};
		43269A022D95438A0025EEAC /* VC */ = {
			isa = PBXGroup;
			children = (
				432699F32D95438A0025EEAC /* A */,
				432699F62D95438A0025EEAC /* B */,
				432699FC2D95438A0025EEAC /* C */,
				432699FF2D95438A0025EEAC /* D */,
				43269A012D95438A0025EEAC /* E */,
			);
			path = VC;
			sourceTree = "<group>";
		};
		43269A052D95438A0025EEAC /* Class */ = {
			isa = PBXGroup;
			children = (
				430D947F2EBB219300D44522 /* Main */,
				43BEABA22E02B26400092EB3 /* MiniApp */,
				432699E62D95438A0025EEAC /* CoreData */,
				432699F02D95438A0025EEAC /* Tools */,
				43269A022D95438A0025EEAC /* VC */,
			);
			path = Class;
			sourceTree = "<group>";
		};
		43269A2A2D9544FB0025EEAC /* Base.lproj */ = {
			isa = PBXGroup;
			children = (
				43269A272D9544FB0025EEAC /* LaunchScreen.storyboard */,
				43269A292D9544FB0025EEAC /* Main.storyboard */,
			);
			path = Base.lproj;
			sourceTree = "<group>";
		};
		433065EE2E8A1F89002E2018 /* Charts */ = {
			isa = PBXGroup;
			children = (
				436197EF2EE7C265004932D6 /* AnimatedLineGraphChartView.swift */,
				43682A912E8947780015EDF6 /* CandleStickDemoViewController.swift */,
				436197FA2EE81221004932D6 /* CandleStickDemoViewController2.swift */,
				436198082EE948AA004932D6 /* CandleStickDemoViewController3.swift */,
				433065E82E8A1E46002E2018 /* GradientLineChartViewController.swift */,
				433065EA2E8A1EBC002E2018 /* BarChartDemoViewController.swift */,
				433065EC2E8A1EE5002E2018 /* CombinedChartDemoViewController.swift */,
				436197D42EE6CEA3004932D6 /* SimplePieChartViewController.swift */,
				436197F32EE7C382004932D6 /* ChatTestViewController.swift */,
			);
			path = Charts;
			sourceTree = "<group>";
		};
		433065F22E8A210A002E2018 /* Extension */ = {
			isa = PBXGroup;
			children = (
				436197F12EE7C2AC004932D6 /* UIColor+SExtension.swift */,
				433065FF2E8A2FE0002E2018 /* CALayer+Extension.swift */,
				433065FD2E8A2D27002E2018 /* UIFont+Extension.swift */,
				433065FB2E8A2444002E2018 /* UIWindow+Extension.swift */,
				432699EE2D95438A0025EEAC /* UIImage+Extension.swift */,
				432699EF2D95438A0025EEAC /* UIView+Extension.swift */,
				435B766D2D9E411500093B91 /* Object+Extension.swift */,
				4333CFA52E001CDB00ADDF38 /* String+Extension.swift */,
				43C2E2442E290D6700F04297 /* YYLabel+Extension.swift */,
				433065F52E8A21E3002E2018 /* UIEdgeInsets+Extension.swift */,
			);
			path = Extension;
			sourceTree = "<group>";
		};
		433065F32E8A212A002E2018 /* Manager */ = {
			isa = PBXGroup;
			children = (
				432699E72D95438A0025EEAC /* AppDateFormatterManager.swift */,
				43C2E23C2E28F3BC00F04297 /* AppThemeModeManager.swift */,
				430D94802EBB21C200D44522 /* AppRouterManager.swift */,
			);
			path = Manager;
			sourceTree = "<group>";
		};
		433065F42E8A215A002E2018 /* Base */ = {
			isa = PBXGroup;
			children = (
				43C2E23E2E28F5F000F04297 /* BaseView.swift */,
				43C2E2402E28F5FC00F04297 /* BaseViewController.swift */,
				432699E92D95438A0025EEAC /* BaseTableView.swift */,
				432699EA2D95438A0025EEAC /* BaseNavigationController.swift */,
				433066572E8BC15A002E2018 /* BaseTableViewCell.swift */,
			);
			path = Base;
			sourceTree = "<group>";
		};
		435B76532D9E345B00093B91 /* Player */ = {
			isa = PBXGroup;
			children = (
				432699F12D95438A0025EEAC /* 飞书20250120-095209.mp4 */,
				435B76512D9E345700093B91 /* VideoPlayerViewController.swift */,
			);
			path = Player;
			sourceTree = "<group>";
		};
		436197FC2EE81B67004932D6 /* KLineChart */ = {
			isa = PBXGroup;
			children = (
				436197FD2EE81BB6004932D6 /* KLineData.swift */,
				436197FF2EE81C1C004932D6 /* KLineConfiguration.swift */,
				436198012EE81D3F004932D6 /* KLineChartViewXX.swift */,
			);
			path = KLineChart;
			sourceTree = "<group>";
		};
		4361980A2EE948C4004932D6 /* KLineChart3 */ = {
			isa = PBXGroup;
			children = (
				436198212EEB010D004932D6 /* KLineDataGenerator.swift */,
				4361980B2EE948DD004932D6 /* KLineChartView.swift */,
				4361980E2EE95753004932D6 /* KLineConfig.swift */,
				436198232EEBEFB4004932D6 /* KLineDrawModel.swift */,
			);
			path = KLineChart3;
			sourceTree = "<group>";
		};
		437988482DBA061300A9BEE2 /* RSA */ = {
			isa = PBXGroup;
			children = (
				437988452DBA061300A9BEE2 /* decryptFile.py */,
				437988462DBA061300A9BEE2 /* private_key.pem */,
				437988472DBA061300A9BEE2 /* public_key.pem */,
			);
			path = RSA;
			sourceTree = "<group>";
		};
		438524432ED7074000C8F8C3 /* WD_1 */ = {
			isa = PBXGroup;
			children = (
				43EA0F962EFCE63300424D04 /* g.glb */,
				43A15A0A2EFBCEDD00936BB4 /* wd_1.usdz */,
				438524422ED7074000C8F8C3 /* wd_1.hdr */,
			);
			path = WD_1;
			sourceTree = "<group>";
		};
		43AA20C52EC42584000D1EAC /* 3D */ = {
			isa = PBXGroup;
			children = (
				43EA0FC02EFD381D00424D04 /* 3DWebView */,
				4385243C2ED706AE00C8F8C3 /* S3DModelView.swift */,
				43AA20D22EC4341A000D1EAC /* Test3DViewController.swift */,
			);
			path = 3D;
			sourceTree = "<group>";
		};
		43AA20CC2EC433AB000D1EAC /* OBJ_3D */ = {
			isa = PBXGroup;
			children = (
				438524432ED7074000C8F8C3 /* WD_1 */,
			);
			path = OBJ_3D;
			sourceTree = "<group>";
		};
		43B1894B2EF8E21E00AC8168 /* VCS */ = {
			isa = PBXGroup;
			children = (
				43543E5D2EF91DA7005B8B9D /* HomeTopBackgroundViewController.swift */,
			);
			path = VCS;
			sourceTree = "<group>";
		};
		43BEABA22E02B26400092EB3 /* MiniApp */ = {
			isa = PBXGroup;
			children = (
				43BEABA92E02B45C00092EB3 /* MiniAppContainerButtonView.swift */,
				43BEABAA2E02B45C00092EB3 /* MiniAppContainerNavigationView.swift */,
				43BEABA72E02B3C300092EB3 /* SavoPresentSwipeInteractionController.swift */,
				43BEABA32E02B27500092EB3 /* MiniAppManager.swift */,
				43BEABA52E02B2F700092EB3 /* MiniAppH5ContainerViewController.swift */,
				43BEABAF2E02C2A100092EB3 /* MiniAppH5ContainerSmallView.swift */,
				435D785D2E03E52900688F0E /* MiniAppTestView.swift */,
			);
			path = MiniApp;
			sourceTree = "<group>";
		};
		43EA0FC02EFD381D00424D04 /* 3DWebView */ = {
			isa = PBXGroup;
			children = (
				43EA0FDB2EFD581700424D04 /* model.html */,
				43EA0FCB2EFD4FCE00424D04 /* gg.glb */,
				43EA0FCD2EFD4FCE00424D04 /* wd_1g.hdr */,
				43EA0FC72EFD3FDA00424D04 /* index.html */,
				43EA0FC82EFD3FDA00424D04 /* model-viewer.min.js */,
				43EA0FC52EFD399F00424D04 /* WebView3D.swift */,
			);
			path = 3DWebView;
			sourceTree = "<group>";
		};
		4D93665770E4F5D2D0790FAB /* Pods */ = {
			isa = PBXGroup;
			children = (
				2E62492FBA8854686AFD4BA0 /* Pods-SwiftTest.debug.xcconfig */,
				7E79A77BB7310BECCEC515A9 /* Pods-SwiftTest.release.xcconfig */,
			);
			path = Pods;
			sourceTree = "<group>";
		};
/* End PBXGroup section */

/* Begin PBXNativeTarget section */
		432699722D953FD70025EEAC /* SwiftTest */ = {
			isa = PBXNativeTarget;
			buildConfigurationList = 432699862D953FD80025EEAC /* Build configuration list for PBXNativeTarget "SwiftTest" */;
			buildPhases = (
				19B1AFE65775A0AA6409A038 /* [CP] Check Pods Manifest.lock */,
				4326996F2D953FD70025EEAC /* Sources */,
				432699702D953FD70025EEAC /* Frameworks */,
				432699712D953FD70025EEAC /* Resources */,
				54021ADD6E217029B9A129D0 /* [CP] Embed Pods Frameworks */,
				43983AE62EDFE3A90000CADA /* Embed Frameworks */,
			);
			buildRules = (
			);
			dependencies = (
			);
			name = SwiftTest;
			productName = SwiftTest;
			productReference = 432699732D953FD70025EEAC /* SwiftTest.app */;
			productType = "com.apple.product-type.application";
		};
/* End PBXNativeTarget section */

/* Begin PBXProject section */
		4326996B2D953FD70025EEAC /* Project object */ = {
			isa = PBXProject;
			attributes = {
				BuildIndependentTargetsInParallel = 1;
				LastSwiftUpdateCheck = 1620;
				LastUpgradeCheck = 1620;
				TargetAttributes = {
					432699722D953FD70025EEAC = {
						CreatedOnToolsVersion = 16.2;
					};
				};
			};
			buildConfigurationList = 4326996E2D953FD70025EEAC /* Build configuration list for PBXProject "SwiftTest" */;
			developmentRegion = en;
			hasScannedForEncodings = 0;
			knownRegions = (
				en,
				Base,
			);
			mainGroup = 4326996A2D953FD70025EEAC;
			minimizedProjectReferenceProxies = 1;
			packageReferences = (
				4381FB692D9D48EF00BF4B93 /* XCLocalSwiftPackageReference "MyPackage" */,
			);
			preferredProjectObjectVersion = 77;
			productRefGroup = 432699742D953FD70025EEAC /* Products */;
			projectDirPath = "";
			projectRoot = "";
			targets = (
				432699722D953FD70025EEAC /* SwiftTest */,
			);
		};
/* End PBXProject section */

/* Begin PBXResourcesBuildPhase section */
		432699712D953FD70025EEAC /* Resources */ = {
			isa = PBXResourcesBuildPhase;
			buildActionMask = 2147483647;
			files = (
				43EA0F972EFCE63300424D04 /* g.glb in Resources */,
				4361980D2EE95376004932D6 /* Assets.xcassets in Resources */,
				43EA0FCE2EFD4FCE00424D04 /* gg.glb in Resources */,
				43EA0FD02EFD4FCE00424D04 /* wd_1g.hdr in Resources */,
				43EA0FC92EFD3FDA00424D04 /* index.html in Resources */,
				43EA0FCA2EFD3FDA00424D04 /* model-viewer.min.js in Resources */,
				43269A2B2D9544FB0025EEAC /* Main.storyboard in Resources */,
				4379884A2DBA061300A9BEE2 /* private_key.pem in Resources */,
				4379884B2DBA061300A9BEE2 /* public_key.pem in Resources */,
				43EA0FDC2EFD581800424D04 /* model.html in Resources */,
				4379884C2DBA061300A9BEE2 /* decryptFile.py in Resources */,
				438524472ED7074000C8F8C3 /* wd_1.hdr in Resources */,
				43269A2C2D9544FB0025EEAC /* LaunchScreen.storyboard in Resources */,
				43A15A0B2EFBCEDD00936BB4 /* wd_1.usdz in Resources */,
				43269A242D95438A0025EEAC /* 飞书20250120-095209.mp4 in Resources */,
				437988422DB9EB4F00A9BEE2 /* 2025-04-23_4029257634_Logs.log in Resources */,
			);
			runOnlyForDeploymentPostprocessing = 0;
		};
/* End PBXResourcesBuildPhase section */

/* Begin PBXShellScriptBuildPhase section */
		19B1AFE65775A0AA6409A038 /* [CP] Check Pods Manifest.lock */ = {
			isa = PBXShellScriptBuildPhase;
			buildActionMask = 2147483647;
			files = (
			);
			inputFileListPaths = (
			);
			inputPaths = (
				"${PODS_PODFILE_DIR_PATH}/Podfile.lock",
				"${PODS_ROOT}/Manifest.lock",
			);
			name = "[CP] Check Pods Manifest.lock";
			outputFileListPaths = (
			);
			outputPaths = (
				"$(DERIVED_FILE_DIR)/Pods-SwiftTest-checkManifestLockResult.txt",
			);
			runOnlyForDeploymentPostprocessing = 0;
			shellPath = /bin/sh;
			shellScript = "diff \"${PODS_PODFILE_DIR_PATH}/Podfile.lock\" \"${PODS_ROOT}/Manifest.lock\" > /dev/null\nif [ $? != 0 ] ; then\n    # print error to STDERR\n    echo \"error: The sandbox is not in sync with the Podfile.lock. Run 'pod install' or update your CocoaPods installation.\" >&2\n    exit 1\nfi\n# This output is used by Xcode 'outputs' to avoid re-running this script phase.\necho \"SUCCESS\" > \"${SCRIPT_OUTPUT_FILE_0}\"\n";
			showEnvVarsInLog = 0;
		};
		54021ADD6E217029B9A129D0 /* [CP] Embed Pods Frameworks */ = {
			isa = PBXShellScriptBuildPhase;
			buildActionMask = 2147483647;
			files = (
			);
			inputFileListPaths = (
				"${PODS_ROOT}/Target Support Files/Pods-SwiftTest/Pods-SwiftTest-frameworks-${CONFIGURATION}-input-files.xcfilelist",
			);
			name = "[CP] Embed Pods Frameworks";
			outputFileListPaths = (
				"${PODS_ROOT}/Target Support Files/Pods-SwiftTest/Pods-SwiftTest-frameworks-${CONFIGURATION}-output-files.xcfilelist",
			);
			runOnlyForDeploymentPostprocessing = 0;
			shellPath = /bin/sh;
			shellScript = "\"${PODS_ROOT}/Target Support Files/Pods-SwiftTest/Pods-SwiftTest-frameworks.sh\"\n";
			showEnvVarsInLog = 0;
		};
/* End PBXShellScriptBuildPhase section */

/* Begin PBXSourcesBuildPhase section */
		4326996F2D953FD70025EEAC /* Sources */ = {
			isa = PBXSourcesBuildPhase;
			buildActionMask = 2147483647;
			files = (
				433065ED2E8A1EE5002E2018 /* CombinedChartDemoViewController.swift in Sources */,
				43269A082D95438A0025EEAC /* EntityUserModelV1.swift in Sources */,
				436197FB2EE81221004932D6 /* CandleStickDemoViewController2.swift in Sources */,
				43269A092D95438A0025EEAC /* EViewController.swift in Sources */,
				43269A0A2D95438A0025EEAC /* UserModel.swift in Sources */,
				433065EB2E8A1EBC002E2018 /* BarChartDemoViewController.swift in Sources */,
				43BEABAC2E02B45C00092EB3 /* MiniAppContainerNavigationView.swift in Sources */,
				43BEABAE2E02B45C00092EB3 /* MiniAppContainerButtonView.swift in Sources */,
				43269A0B2D95438A0025EEAC /* BaseTableView.swift in Sources */,
				4330661C2E8B89DE002E2018 /* AppTabBarController.swift in Sources */,
				43C2E23F2E28F5F000F04297 /* BaseView.swift in Sources */,
				436197F02EE7C265004932D6 /* AnimatedLineGraphChartView.swift in Sources */,
				436197F22EE7C2AC004932D6 /* UIColor+SExtension.swift in Sources */,
				43269A0C2D95438A0025EEAC /* BViewController.swift in Sources */,
				433065FE2E8A2D27002E2018 /* UIFont+Extension.swift in Sources */,
				43269A0D2D95438A0025EEAC /* DCell.swift in Sources */,
				433065F92E8A23DB002E2018 /* PublicFunction.swift in Sources */,
				433065FA2E8A23DB002E2018 /* PublicMacro.swift in Sources */,
				433066002E8A2FE0002E2018 /* CALayer+Extension.swift in Sources */,
				43EA0FC62EFD399F00424D04 /* WebView3D.swift in Sources */,
				433066562E8BC083002E2018 /* ACell.swift in Sources */,
				43269A0E2D95438A0025EEAC /* C1ViewController.swift in Sources */,
				43269A0F2D95438A0025EEAC /* UserModelData.xcdatamodeld in Sources */,
				43BEABB02E02C2A100092EB3 /* MiniAppH5ContainerSmallView.swift in Sources */,
				4333CFA62E001CDB00ADDF38 /* String+Extension.swift in Sources */,
				436197F42EE7C382004932D6 /* ChatTestViewController.swift in Sources */,
				436198002EE81C1C004932D6 /* KLineConfiguration.swift in Sources */,
				436198222EEB010D004932D6 /* KLineDataGenerator.swift in Sources */,
				43269A102D95438A0025EEAC /* EntityUserModelV2.swift in Sources */,
				433066582E8BC15A002E2018 /* BaseTableViewCell.swift in Sources */,
				43269A112D95438A0025EEAC /* UIImage+Extension.swift in Sources */,
				43269A132D95438A0025EEAC /* AppDateFormatterManager.swift in Sources */,
				43543E5E2EF91DA7005B8B9D /* HomeTopBackgroundViewController.swift in Sources */,
				433065FC2E8A2444002E2018 /* UIWindow+Extension.swift in Sources */,
				436198092EE948AA004932D6 /* CandleStickDemoViewController3.swift in Sources */,
				433065F62E8A21E3002E2018 /* UIEdgeInsets+Extension.swift in Sources */,
				436198242EEBEFB4004932D6 /* KLineDrawModel.swift in Sources */,
				433065E92E8A1E46002E2018 /* GradientLineChartViewController.swift in Sources */,
				430D94812EBB21C200D44522 /* AppRouterManager.swift in Sources */,
				435B766E2D9E411500093B91 /* Object+Extension.swift in Sources */,
				436197D52EE6CEA3004932D6 /* SimplePieChartViewController.swift in Sources */,
				436198022EE81D3F004932D6 /* KLineChartViewXX.swift in Sources */,
				435B76522D9E345700093B91 /* VideoPlayerViewController.swift in Sources */,
				43269A142D95438A0025EEAC /* CViewController.swift in Sources */,
				43BEABA42E02B27500092EB3 /* MiniAppManager.swift in Sources */,
				43DCC3872DB62EA100E83159 /* FileEncryptor.swift in Sources */,
				436197FE2EE81BB6004932D6 /* KLineData.swift in Sources */,
				43682A922E8947780015EDF6 /* CandleStickDemoViewController.swift in Sources */,
				43BEABA62E02B2F700092EB3 /* MiniAppH5ContainerViewController.swift in Sources */,
				4385243D2ED706AE00C8F8C3 /* S3DModelView.swift in Sources */,
				43AA20D32EC4341A000D1EAC /* Test3DViewController.swift in Sources */,
				43269A152D95438A0025EEAC /* CoreDataManager.swift in Sources */,
				43269A162D95438A0025EEAC /* C1TableView.swift in Sources */,
				4324E4EC2DA909F500C8971B /* AppThemeViewController.swift in Sources */,
				43269A182D95438A0025EEAC /* EntityUserModelV3.swift in Sources */,
				43C2E2432E28FBB900F04297 /* SceneDelegate+Other.swift in Sources */,
				43269A192D95438A0025EEAC /* AppDelegate.swift in Sources */,
				43BEABA82E02B3C300092EB3 /* SavoPresentSwipeInteractionController.swift in Sources */,
				4361980C2EE948DD004932D6 /* KLineChartView.swift in Sources */,
				433066442E8BBC56002E2018 /* SceneDelegate.swift in Sources */,
				43740CC02DB7840E005119F4 /* TestRSA.swift in Sources */,
				43269A1A2D95438A0025EEAC /* User.swift in Sources */,
				43269A1B2D95438A0025EEAC /* BaseNavigationController.swift in Sources */,
				435D785E2E03E52900688F0E /* MiniAppTestView.swift in Sources */,
				43269A1C2D95438A0025EEAC /* CCell.swift in Sources */,
				43B188B82EF298B900AC8168 /* AppPage.swift in Sources */,
				43269A1E2D95438A0025EEAC /* CustomFlowLayout.swift in Sources */,
				43C2E2412E28F5FC00F04297 /* BaseViewController.swift in Sources */,
				43269A1F2D95438A0025EEAC /* AViewController.swift in Sources */,
				43269A202D95438A0025EEAC /* BCell.swift in Sources */,
				43269A212D95438A0025EEAC /* DViewController.swift in Sources */,
				43C2E23D2E28F3BC00F04297 /* AppThemeModeManager.swift in Sources */,
				43C2E2452E290D6700F04297 /* YYLabel+Extension.swift in Sources */,
				4361980F2EE95753004932D6 /* KLineConfig.swift in Sources */,
				43269A232D95438A0025EEAC /* UIView+Extension.swift in Sources */,
			);
			runOnlyForDeploymentPostprocessing = 0;
		};
/* End PBXSourcesBuildPhase section */

/* Begin PBXVariantGroup section */
		43269A272D9544FB0025EEAC /* LaunchScreen.storyboard */ = {
			isa = PBXVariantGroup;
			children = (
				43269A262D9544FB0025EEAC /* Base */,
				4300E9652EFA948000FBB966 /* mul */,
			);
			name = LaunchScreen.storyboard;
			sourceTree = "<group>";
		};
		43269A292D9544FB0025EEAC /* Main.storyboard */ = {
			isa = PBXVariantGroup;
			children = (
				43269A282D9544FB0025EEAC /* Base */,
				4300E9642EFA948000FBB966 /* mul */,
			);
			name = Main.storyboard;
			sourceTree = "<group>";
		};
/* End PBXVariantGroup section */

/* Begin XCBuildConfiguration section */
		432699872D953FD80025EEAC /* Debug */ = {
			isa = XCBuildConfiguration;
			baseConfigurationReference = 2E62492FBA8854686AFD4BA0 /* Pods-SwiftTest.debug.xcconfig */;
			buildSettings = {
				ASSETCATALOG_COMPILER_APPICON_NAME = AppIcon;
				ASSETCATALOG_COMPILER_GLOBAL_ACCENT_COLOR_NAME = AccentColor;
				CODE_SIGN_IDENTITY = "Apple Development";
				CODE_SIGN_STYLE = Automatic;
				CURRENT_PROJECT_VERSION = 1;
				DEAD_CODE_STRIPPING = NO;
				DEVELOPMENT_TEAM = TSNC7TNG22;
				ENABLE_DEBUG_DYLIB = NO;
				ENABLE_USER_SCRIPT_SANDBOXING = NO;
				"EXCLUDED_ARCHS[sdk=iphonesimulator*]" = arm64;
				FRAMEWORK_SEARCH_PATHS = (
					"$(inherited)",
					"$(PROJECT_DIR)/Frameworks/SavoFrameworks",
					"$(PROJECT_DIR)/SwiftTest",
				);
				GENERATE_INFOPLIST_FILE = YES;
				INFOPLIST_FILE = "$(SRCROOT)/SwiftTest/Info.plist";
				INFOPLIST_KEY_NSMicrophoneUsageDescription = "我们要使用您的麦克风";
				INFOPLIST_KEY_UIApplicationSupportsIndirectInputEvents = YES;
				INFOPLIST_KEY_UILaunchStoryboardName = LaunchScreen;
				INFOPLIST_KEY_UIMainStoryboardFile = Main;
				INFOPLIST_KEY_UISupportedInterfaceOrientations_iPad = "UIInterfaceOrientationPortrait UIInterfaceOrientationPortraitUpsideDown UIInterfaceOrientationLandscapeLeft UIInterfaceOrientationLandscapeRight";
				INFOPLIST_KEY_UISupportedInterfaceOrientations_iPhone = "UIInterfaceOrientationPortrait UIInterfaceOrientationLandscapeLeft UIInterfaceOrientationLandscapeRight";
				IPHONEOS_DEPLOYMENT_TARGET = 13.0;
				LD_RUNPATH_SEARCH_PATHS = (
					"$(inherited)",
					"@executable_path/Frameworks",
				);
				MARKETING_VERSION = 1.0;
				ONLY_ACTIVE_ARCH = YES;
				PRODUCT_BUNDLE_IDENTIFIER = test.wyy.com.SwiftTest;
				PRODUCT_NAME = "$(TARGET_NAME)";
				PROVISIONING_PROFILE_SPECIFIER = "";
				STRIP_INSTALLED_PRODUCT = NO;
				STRIP_SWIFT_SYMBOLS = NO;
				SUPPORTED_PLATFORMS = "iphoneos iphonesimulator";
				SUPPORTS_MACCATALYST = NO;
				SUPPORTS_MAC_DESIGNED_FOR_IPHONE_IPAD = NO;
				SUPPORTS_XR_DESIGNED_FOR_IPHONE_IPAD = NO;
				SWIFT_EMIT_LOC_STRINGS = YES;
				SWIFT_VERSION = 5.0;
				TARGETED_DEVICE_FAMILY = "1,2";
			};
			name = Debug;
		};
		432699882D953FD80025EEAC /* Release */ = {
			isa = XCBuildConfiguration;
			baseConfigurationReference = 7E79A77BB7310BECCEC515A9 /* Pods-SwiftTest.release.xcconfig */;
			buildSettings = {
				ASSETCATALOG_COMPILER_APPICON_NAME = AppIcon;
				ASSETCATALOG_COMPILER_GLOBAL_ACCENT_COLOR_NAME = AccentColor;
				CODE_SIGN_IDENTITY = "Apple Development";
				CODE_SIGN_STYLE = Automatic;
				CURRENT_PROJECT_VERSION = 1;
				DEAD_CODE_STRIPPING = NO;
				DEVELOPMENT_TEAM = TSNC7TNG22;
				ENABLE_DEBUG_DYLIB = NO;
				ENABLE_USER_SCRIPT_SANDBOXING = NO;
				"EXCLUDED_ARCHS[sdk=iphonesimulator*]" = arm64;
				FRAMEWORK_SEARCH_PATHS = (
					"$(inherited)",
					"$(PROJECT_DIR)/Frameworks/SavoFrameworks",
					"$(PROJECT_DIR)/SwiftTest",
				);
				GENERATE_INFOPLIST_FILE = YES;
				INFOPLIST_FILE = "$(SRCROOT)/SwiftTest/Info.plist";
				INFOPLIST_KEY_NSMicrophoneUsageDescription = "我们要使用您的麦克风";
				INFOPLIST_KEY_UIApplicationSupportsIndirectInputEvents = YES;
				INFOPLIST_KEY_UILaunchStoryboardName = LaunchScreen;
				INFOPLIST_KEY_UIMainStoryboardFile = Main;
				INFOPLIST_KEY_UISupportedInterfaceOrientations_iPad = "UIInterfaceOrientationPortrait UIInterfaceOrientationPortraitUpsideDown UIInterfaceOrientationLandscapeLeft UIInterfaceOrientationLandscapeRight";
				INFOPLIST_KEY_UISupportedInterfaceOrientations_iPhone = "UIInterfaceOrientationPortrait UIInterfaceOrientationLandscapeLeft UIInterfaceOrientationLandscapeRight";
				IPHONEOS_DEPLOYMENT_TARGET = 13.0;
				LD_RUNPATH_SEARCH_PATHS = (
					"$(inherited)",
					"@executable_path/Frameworks",
				);
				MARKETING_VERSION = 1.0;
				PRODUCT_BUNDLE_IDENTIFIER = test.wyy.com.SwiftTest;
				PRODUCT_NAME = "$(TARGET_NAME)";
				PROVISIONING_PROFILE_SPECIFIER = "";
				STRIP_INSTALLED_PRODUCT = NO;
				STRIP_SWIFT_SYMBOLS = NO;
				SUPPORTED_PLATFORMS = "iphoneos iphonesimulator";
				SUPPORTS_MACCATALYST = NO;
				SUPPORTS_MAC_DESIGNED_FOR_IPHONE_IPAD = NO;
				SUPPORTS_XR_DESIGNED_FOR_IPHONE_IPAD = NO;
				SWIFT_EMIT_LOC_STRINGS = YES;
				SWIFT_VERSION = 5.0;
				TARGETED_DEVICE_FAMILY = "1,2";
			};
			name = Release;
		};
		432699892D953FD80025EEAC /* Debug */ = {
			isa = XCBuildConfiguration;
			buildSettings = {
				ALWAYS_SEARCH_USER_PATHS = NO;
				ASSETCATALOG_COMPILER_GENERATE_SWIFT_ASSET_SYMBOL_EXTENSIONS = YES;
				CLANG_ANALYZER_NONNULL = YES;
				CLANG_ANALYZER_NUMBER_OBJECT_CONVERSION = YES_AGGRESSIVE;
				CLANG_CXX_LANGUAGE_STANDARD = "gnu++20";
				CLANG_ENABLE_MODULES = YES;
				CLANG_ENABLE_OBJC_ARC = YES;
				CLANG_ENABLE_OBJC_WEAK = YES;
				CLANG_WARN_BLOCK_CAPTURE_AUTORELEASING = YES;
				CLANG_WARN_BOOL_CONVERSION = YES;
				CLANG_WARN_COMMA = YES;
				CLANG_WARN_CONSTANT_CONVERSION = YES;
				CLANG_WARN_DEPRECATED_OBJC_IMPLEMENTATIONS = YES;
				CLANG_WARN_DIRECT_OBJC_ISA_USAGE = YES_ERROR;
				CLANG_WARN_DOCUMENTATION_COMMENTS = YES;
				CLANG_WARN_EMPTY_BODY = YES;
				CLANG_WARN_ENUM_CONVERSION = YES;
				CLANG_WARN_INFINITE_RECURSION = YES;
				CLANG_WARN_INT_CONVERSION = YES;
				CLANG_WARN_NON_LITERAL_NULL_CONVERSION = YES;
				CLANG_WARN_OBJC_IMPLICIT_RETAIN_SELF = YES;
				CLANG_WARN_OBJC_LITERAL_CONVERSION = YES;
				CLANG_WARN_OBJC_ROOT_CLASS = YES_ERROR;
				CLANG_WARN_QUOTED_INCLUDE_IN_FRAMEWORK_HEADER = YES;
				CLANG_WARN_RANGE_LOOP_ANALYSIS = YES;
				CLANG_WARN_STRICT_PROTOTYPES = YES;
				CLANG_WARN_SUSPICIOUS_MOVE = YES;
				CLANG_WARN_UNGUARDED_AVAILABILITY = YES_AGGRESSIVE;
				CLANG_WARN_UNREACHABLE_CODE = YES;
				CLANG_WARN__DUPLICATE_METHOD_MATCH = YES;
				COPY_PHASE_STRIP = NO;
				DEBUG_INFORMATION_FORMAT = dwarf;
				ENABLE_STRICT_OBJC_MSGSEND = YES;
				ENABLE_TESTABILITY = YES;
				ENABLE_USER_SCRIPT_SANDBOXING = YES;
				GCC_C_LANGUAGE_STANDARD = gnu17;
				GCC_DYNAMIC_NO_PIC = NO;
				GCC_NO_COMMON_BLOCKS = YES;
				GCC_OPTIMIZATION_LEVEL = 0;
				GCC_PREPROCESSOR_DEFINITIONS = (
					"DEBUG=1",
					"$(inherited)",
				);
				GCC_WARN_64_TO_32_BIT_CONVERSION = YES;
				GCC_WARN_ABOUT_RETURN_TYPE = YES_ERROR;
				GCC_WARN_UNDECLARED_SELECTOR = YES;
				GCC_WARN_UNINITIALIZED_AUTOS = YES_AGGRESSIVE;
				GCC_WARN_UNUSED_FUNCTION = YES;
				GCC_WARN_UNUSED_VARIABLE = YES;
				IPHONEOS_DEPLOYMENT_TARGET = 18.2;
				LOCALIZATION_PREFERS_STRING_CATALOGS = YES;
				MTL_ENABLE_DEBUG_INFO = INCLUDE_SOURCE;
				MTL_FAST_MATH = YES;
				ONLY_ACTIVE_ARCH = YES;
				SDKROOT = iphoneos;
				SWIFT_ACTIVE_COMPILATION_CONDITIONS = "DEBUG $(inherited)";
				SWIFT_OPTIMIZATION_LEVEL = "-Onone";
			};
			name = Debug;
		};
		4326998A2D953FD80025EEAC /* Release */ = {
			isa = XCBuildConfiguration;
			buildSettings = {
				ALWAYS_SEARCH_USER_PATHS = NO;
				ASSETCATALOG_COMPILER_GENERATE_SWIFT_ASSET_SYMBOL_EXTENSIONS = YES;
				CLANG_ANALYZER_NONNULL = YES;
				CLANG_ANALYZER_NUMBER_OBJECT_CONVERSION = YES_AGGRESSIVE;
				CLANG_CXX_LANGUAGE_STANDARD = "gnu++20";
				CLANG_ENABLE_MODULES = YES;
				CLANG_ENABLE_OBJC_ARC = YES;
				CLANG_ENABLE_OBJC_WEAK = YES;
				CLANG_WARN_BLOCK_CAPTURE_AUTORELEASING = YES;
				CLANG_WARN_BOOL_CONVERSION = YES;
				CLANG_WARN_COMMA = YES;
				CLANG_WARN_CONSTANT_CONVERSION = YES;
				CLANG_WARN_DEPRECATED_OBJC_IMPLEMENTATIONS = YES;
				CLANG_WARN_DIRECT_OBJC_ISA_USAGE = YES_ERROR;
				CLANG_WARN_DOCUMENTATION_COMMENTS = YES;
				CLANG_WARN_EMPTY_BODY = YES;
				CLANG_WARN_ENUM_CONVERSION = YES;
				CLANG_WARN_INFINITE_RECURSION = YES;
				CLANG_WARN_INT_CONVERSION = YES;
				CLANG_WARN_NON_LITERAL_NULL_CONVERSION = YES;
				CLANG_WARN_OBJC_IMPLICIT_RETAIN_SELF = YES;
				CLANG_WARN_OBJC_LITERAL_CONVERSION = YES;
				CLANG_WARN_OBJC_ROOT_CLASS = YES_ERROR;
				CLANG_WARN_QUOTED_INCLUDE_IN_FRAMEWORK_HEADER = YES;
				CLANG_WARN_RANGE_LOOP_ANALYSIS = YES;
				CLANG_WARN_STRICT_PROTOTYPES = YES;
				CLANG_WARN_SUSPICIOUS_MOVE = YES;
				CLANG_WARN_UNGUARDED_AVAILABILITY = YES_AGGRESSIVE;
				CLANG_WARN_UNREACHABLE_CODE = YES;
				CLANG_WARN__DUPLICATE_METHOD_MATCH = YES;
				COPY_PHASE_STRIP = NO;
				DEBUG_INFORMATION_FORMAT = "dwarf-with-dsym";
				ENABLE_NS_ASSERTIONS = NO;
				ENABLE_STRICT_OBJC_MSGSEND = YES;
				ENABLE_USER_SCRIPT_SANDBOXING = YES;
				GCC_C_LANGUAGE_STANDARD = gnu17;
				GCC_NO_COMMON_BLOCKS = YES;
				GCC_WARN_64_TO_32_BIT_CONVERSION = YES;
				GCC_WARN_ABOUT_RETURN_TYPE = YES_ERROR;
				GCC_WARN_UNDECLARED_SELECTOR = YES;
				GCC_WARN_UNINITIALIZED_AUTOS = YES_AGGRESSIVE;
				GCC_WARN_UNUSED_FUNCTION = YES;
				GCC_WARN_UNUSED_VARIABLE = YES;
				IPHONEOS_DEPLOYMENT_TARGET = 18.2;
				LOCALIZATION_PREFERS_STRING_CATALOGS = YES;
				MTL_ENABLE_DEBUG_INFO = NO;
				MTL_FAST_MATH = YES;
				SDKROOT = iphoneos;
				SWIFT_COMPILATION_MODE = wholemodule;
				VALIDATE_PRODUCT = YES;
			};
			name = Release;
		};
/* End XCBuildConfiguration section */

/* Begin XCConfigurationList section */
		4326996E2D953FD70025EEAC /* Build configuration list for PBXProject "SwiftTest" */ = {
			isa = XCConfigurationList;
			buildConfigurations = (
				432699892D953FD80025EEAC /* Debug */,
				4326998A2D953FD80025EEAC /* Release */,
			);
			defaultConfigurationIsVisible = 0;
			defaultConfigurationName = Release;
		};
		432699862D953FD80025EEAC /* Build configuration list for PBXNativeTarget "SwiftTest" */ = {
			isa = XCConfigurationList;
			buildConfigurations = (
				432699872D953FD80025EEAC /* Debug */,
				432699882D953FD80025EEAC /* Release */,
			);
			defaultConfigurationIsVisible = 0;
			defaultConfigurationName = Release;
		};
/* End XCConfigurationList section */

/* Begin XCLocalSwiftPackageReference section */
		4381FB692D9D48EF00BF4B93 /* XCLocalSwiftPackageReference "MyPackage" */ = {
			isa = XCLocalSwiftPackageReference;
			relativePath = ../MyPackage;
		};
/* End XCLocalSwiftPackageReference section */

/* Begin XCSwiftPackageProductDependency section */
		4381FB6A2D9D48EF00BF4B93 /* MyPackage */ = {
			isa = XCSwiftPackageProductDependency;
			productName = MyPackage;
		};
/* End XCSwiftPackageProductDependency section */

/* Begin XCVersionGroup section */
		432699E52D95438A0025EEAC /* UserModelData.xcdatamodeld */ = {
			isa = XCVersionGroup;
			children = (
				43269A062D95438A0025EEAC /* UserModelData.xcdatamodel */,
				43269A072D95438A0025EEAC /* UserModelDataV2.xcdatamodel */,
			);
			currentVersion = 43269A072D95438A0025EEAC /* UserModelDataV2.xcdatamodel */;
			path = UserModelData.xcdatamodeld;
			sourceTree = "<group>";
			versionGroupType = wrapper.xcdatamodel;
		};
/* End XCVersionGroup section */
	};
	rootObject = 4326996B2D953FD70025EEAC /* Project object */;
}
